{
  "requires": true,
  "lockfileVersion": 1,
  "dependencies": {
    "date.js": {
      "version": "0.3.1",
      "resolved": "https://registry.npmjs.org/date.js/-/date.js-0.3.1.tgz",
      "integrity": "sha1-OefHx3rcdl0Qvs9JbKzTkTMtfMg=",
      "requires": {
        "debug": "0.7.4",
        "lodash.filter": "4.6.0",
        "lodash.findkey": "4.6.0",
        "lodash.foreach": "4.5.0",
        "lodash.includes": "4.3.0",
        "lodash.isempty": "4.4.0",
        "lodash.partition": "4.6.0",
        "lodash.trim": "4.5.1"
      }
    },
    "datetimepicker": {
      "version": "http://registry.npm.taobao.org/datetimepicker/download/datetimepicker-0.1.38.tgz"
    },
    "debug": {
      "version": "0.7.4",
      "resolved": "https://registry.npmjs.org/debug/-/debug-0.7.4.tgz",
      "integrity": "sha1-BuHqgILCyxTjmAbiLi9vdX+Srzk="
    },
    "fecha": {
      "version": "2.3.1",
      "resolved": "https://registry.npmjs.org/fecha/-/fecha-2.3.1.tgz",
      "integrity": "sha1-khtOWp0zGqqbZcFjSyb8RZRfZCE="
    },
    "lodash.filter": {
      "version": "4.6.0",
      "resolved": "https://registry.npmjs.org/lodash.filter/-/lodash.filter-4.6.0.tgz",
      "integrity": "sha1-ZosdSYFgOuHMWm+nYBQ+SAtMSs4="
    },
    "lodash.findkey": {
      "version": "4.6.0",
      "resolved": "https://registry.npmjs.org/lodash.findkey/-/lodash.findkey-4.6.0.tgz",
      "integrity": "sha1-gwWOkDtRy7dZ0JzPVG3qPqOcRxg="
    },
    "lodash.foreach": {
      "version": "4.5.0",
      "resolved": "https://registry.npmjs.org/lodash.foreach/-/lodash.foreach-4.5.0.tgz",
      "integrity": "sha1-Gmo16s5AEoDH8G3d7DUWWrJ+PlM="
    },
    "lodash.includes": {
      "version": "4.3.0",
      "resolved": "https://registry.npmjs.org/lodash.includes/-/lodash.includes-4.3.0.tgz",
      "integrity": "sha1-YLuYqHy5I8aMoeUTJUgzFISfVT8="
    },
    "lodash.isempty": {
      "version": "4.4.0",
      "resolved": "https://registry.npmjs.org/lodash.isempty/-/lodash.isempty-4.4.0.tgz",
      "integrity": "sha1-b4bL7di+TsmHvpqvM8loTbGzHn4="
    },
    "lodash.partition": {
      "version": "4.6.0",
      "resolved": "https://registry.npmjs.org/lodash.partition/-/lodash.partition-4.6.0.tgz",
      "integrity": "sha1-o45GtzRp4EILDaEhLmbUFL42S6Q="
    },
    "lodash.trim": {
      "version": "4.5.1",
      "resolved": "https://registry.npmjs.org/lodash.trim/-/lodash.trim-4.5.1.tgz",
      "integrity": "sha1-NkJefukL5KpeJ7zruFt9EepHqlc="
    }
  }
}
